{
  "name": "data-structure",
  "version": "1.0.0",
  "lockfileVersion": 2,
  "requires": true,
  "packages": {
    "": {
      "name": "data-structure",
      "version": "1.0.0",
      "license": "ISC",
      "dependencies": {
        "ts-node": "^10.2.1",
        "typescript": "^4.4.3"
      },
      "devDependencies": {
        "esbuild": "^0.12.28",
        "esbuild-register": "^3.0.0"
      }
    },
    "node_modules/@cspotcode/source-map-consumer": {
      "version": "0.8.0",
      "resolved": "https://registry.npmjs.org/@cspotcode/source-map-consumer/-/source-map-consumer-0.8.0.tgz",
      "integrity": "sha512-41qniHzTU8yAGbCp04ohlmSrZf8bkf/iJsl3V0dRGsQN/5GFfx+LbCSsCpp2gqrqjTVg/K6O8ycoV35JIwAzAg==",
      "engines": {
        "node": ">= 12"
      }
    },
    "node_modules/@cspotcode/source-map-support": {
      "version": "0.6.1",
      "resolved": "https://registry.npmjs.org/@cspotcode/source-map-support/-/source-map-support-0.6.1.tgz",
      "integrity": "sha512-DX3Z+T5dt1ockmPdobJS/FAsQPW4V4SrWEhD2iYQT2Cb2tQsiMnYxrcUH9By/Z3B+v0S5LMBkQtV/XOBbpLEOg==",
      "dependencies": {
        "@cspotcode/source-map-consumer": "0.8.0"
      },
      "engines": {
        "node": ">=12"
      }
    },
    "node_modules/@napi-rs/triples": {
      "version": "1.0.3",
      "resolved": "https://registry.npmjs.org/@napi-rs/triples/-/triples-1.0.3.tgz",
      "integrity": "sha512-jDJTpta+P4p1NZTFVLHJ/TLFVYVcOqv6l8xwOeBKNPMgY/zDYH/YH7SJbvrr/h1RcS9GzbPcLKGzpuK9cV56UA==",
      "optional": true,
      "peer": true
    },
    "node_modules/@node-rs/helper": {
      "version": "1.2.1",
      "resolved": "https://registry.npmjs.org/@node-rs/helper/-/helper-1.2.1.tgz",
      "integrity": "sha512-R5wEmm8nbuQU0YGGmYVjEc0OHtYsuXdpRG+Ut/3wZ9XAvQWyThN08bTh2cBJgoZxHQUPtvRfeQuxcAgLuiBISg==",
      "optional": true,
      "peer": true,
      "dependencies": {
        "@napi-rs/triples": "^1.0.3"
      }
    },
    "node_modules/@swc/core": {
      "version": "1.2.88",
      "resolved": "https://registry.npmjs.org/@swc/core/-/core-1.2.88.tgz",
      "integrity": "sha512-CTnMGafEKEG8404Av9bKpffUVdKedYrmRPsQShJNg6wY7dPltbqsNcZUuC+8b1lQzY8axG4ypemxNAnOYtbwfg==",
      "optional": true,
      "peer": true,
      "dependencies": {
        "@node-rs/helper": "^1.0.0"
      },
      "engines": {
        "node": ">=10"
      },
      "funding": {
        "type": "opencollective",
        "url": "https://opencollective.com/swc"
      },
      "optionalDependencies": {
        "@swc/core-android-arm64": "^1.2.88",
        "@swc/core-darwin-arm64": "^1.2.88",
        "@swc/core-darwin-x64": "^1.2.88",
        "@swc/core-freebsd-x64": "^1.2.88",
        "@swc/core-linux-arm-gnueabihf": "^1.2.88",
        "@swc/core-linux-arm64-gnu": "^1.2.88",
        "@swc/core-linux-arm64-musl": "^1.2.88",
        "@swc/core-linux-x64-gnu": "^1.2.88",
        "@swc/core-linux-x64-musl": "^1.2.88",
        "@swc/core-win32-arm64-msvc": "^1.2.88",
        "@swc/core-win32-ia32-msvc": "^1.2.88",
        "@swc/core-win32-x64-msvc": "^1.2.88"
      }
    },
    "node_modules/@swc/core-android-arm64": {
      "version": "1.2.88",
      "resolved": "https://registry.npmjs.org/@swc/core-android-arm64/-/core-android-arm64-1.2.88.tgz",
      "integrity": "sha512-XuQIPCRVMHgdVKkIUj5ZQps0VhgopreZgq6dYpTOIf5bHtxvaIMOWFQUkJs1+YacjCskFMUo7t876VCEqZFOhQ==",
      "cpu": [
        "arm64"
      ],
      "optional": true,
      "os": [
        "android"
      ],
      "peer": true,
      "engines": {
        "node": ">=10"
      }
    },
    "node_modules/@swc/core-darwin-arm64": {
      "version": "1.2.88",
      "resolved": "https://registry.npmjs.org/@swc/core-darwin-arm64/-/core-darwin-arm64-1.2.88.tgz",
      "integrity": "sha512-tzzNfGrMk7W6P3HuROHL4AJ4KzJMJJCb3/Ghi8l1ldzNCAfdTWRvbP1hv4aaOt5Lejzx40Gyt4tieHLRPUGNEQ==",
      "cpu": [
        "arm64"
      ],
      "optional": true,
      "os": [
        "darwin"
      ],
      "peer": true,
      "engines": {
        "node": ">=10"
      }
    },
    "node_modules/@swc/core-darwin-x64": {
      "version": "1.2.88",
      "resolved": "https://registry.npmjs.org/@swc/core-darwin-x64/-/core-darwin-x64-1.2.88.tgz",
      "integrity": "sha512-illK43lA2Y36NL1cZfutYz/Iu2cWoJt2hveu7uJpy9xdkyjHG4qP+blt8lrNMRlveekFsU46tN566RSEDJ3snw==",
      "cpu": [
        "x64"
      ],
      "optional": true,
      "os": [
        "darwin"
      ],
      "peer": true,
      "engines": {
        "node": ">=10"
      }
    },
    "node_modules/@swc/core-freebsd-x64": {
      "version": "1.2.88",
      "resolved": "https://registry.npmjs.org/@swc/core-freebsd-x64/-/core-freebsd-x64-1.2.88.tgz",
      "integrity": "sha512-KQIX5PqhFMlf+qhvmRmQukGdhOY9QRBgt/GVmc4H9NUX78mHDONdraKhNFXJ26bLIJXMFRlnOqE4GQCDgbAAyg==",
      "cpu": [
        "x64"
      ],
      "optional": true,
      "os": [
        "freebsd"
      ],
      "peer": true,
      "engines": {
        "node": ">=10"
      }
    },
    "node_modules/@swc/core-linux-arm-gnueabihf": {
      "version": "1.2.88",
      "resolved": "https://registry.npmjs.org/@swc/core-linux-arm-gnueabihf/-/core-linux-arm-gnueabihf-1.2.88.tgz",
      "integrity": "sha512-z+bRlZ2VW5ap8tri0vpC8cBtROmvOujOfWVuFhkdx6/+XoyPKEsZJBdW3Z1CSB1eXz4kvtGBGBgOTCNj8i7T1Q==",
      "cpu": [
        "arm"
      ],
      "optional": true,
      "os": [
        "linux"
      ],
      "peer": true,
      "engines": {
        "node": ">=10"
      }
    },
    "node_modules/@swc/core-linux-arm64-gnu": {
      "version": "1.2.88",
      "resolved": "https://registry.npmjs.org/@swc/core-linux-arm64-gnu/-/core-linux-arm64-gnu-1.2.88.tgz",
      "integrity": "sha512-PxL3zZYE1ktGfwqHqt139oFpg5AzIaExPT1X7UC85+RLiMUuRsfKUNTJgzMkZDfPhV/Crjx5BiBrUfOp9KLzdQ==",
      "cpu": [
        "arm64"
      ],
      "optional": true,
      "os": [
        "linux"
      ],
      "peer": true,
      "engines": {
        "node": ">=10"
      }
    },
    "node_modules/@swc/core-linux-arm64-musl": {
      "version": "1.2.88",
      "resolved": "https://registry.npmjs.org/@swc/core-linux-arm64-musl/-/core-linux-arm64-musl-1.2.88.tgz",
      "integrity": "sha512-/M9Sb+ETGS4HUZYagQ0gr50yPrDPSaZKdCRlrVfD/GWvpJNvzu/8ILOiR/e2saSQE1vTPFbu+sYjUBaYavtucQ==",
      "cpu": [
        "arm64"
      ],
      "optional": true,
      "os": [
        "linux"
      ],
      "peer": true,
      "engines": {
        "node": ">=10"
      }
    },
    "node_modules/@swc/core-linux-x64-gnu": {
      "version": "1.2.88",
      "resolved": "https://registry.npmjs.org/@swc/core-linux-x64-gnu/-/core-linux-x64-gnu-1.2.88.tgz",
      "integrity": "sha512-dKCfYQjI+9L62DCXycJS/hBRd6Ta5KOauK7rNk1Md09QoK1ozAtK0t5WSS6qJV6Qz+McGx0DT363VRRsUxItNw==",
      "cpu": [
        "x64"
      ],
      "optional": true,
      "os": [
        "linux"
      ],
      "peer": true,
      "engines": {
        "node": ">=10"
      }
    },
    "node_modules/@swc/core-linux-x64-musl": {
      "version": "1.2.88",
      "resolved": "https://registry.npmjs.org/@swc/core-linux-x64-musl/-/core-linux-x64-musl-1.2.88.tgz",
      "integrity": "sha512-IgIdLA5xBaAx6VnaxEHtHzumeuVtPTOIneDX7vqLMVf87VF5QzqXNj/PXbRtnutE2Yw0lDoslkz/ABmKWtyiEA==",
      "cpu": [
        "x64"
      ],
      "optional": true,
      "os": [
        "linux"
      ],
      "peer": true,
      "engines": {
        "node": ">=10"
      }
    },
    "node_modules/@swc/core-win32-arm64-msvc": {
      "version": "1.2.88",
      "resolved": "https://registry.npmjs.org/@swc/core-win32-arm64-msvc/-/core-win32-arm64-msvc-1.2.88.tgz",
      "integrity": "sha512-cDaYQaSQvTacadfszmzs/ekfEaoLYlK1Pdgc03AUiJFRwPekMQ3i9jsDqPzwttML1FDlLPgkJJHy6FLKuc2omw==",
      "cpu": [
        "arm64"
      ],
      "optional": true,
      "os": [
        "win32"
      ],
      "peer": true,
      "engines": {
        "node": ">=10"
      }
    },
    "node_modules/@swc/core-win32-ia32-msvc": {
      "version": "1.2.88",
      "resolved": "https://registry.npmjs.org/@swc/core-win32-ia32-msvc/-/core-win32-ia32-msvc-1.2.88.tgz",
      "integrity": "sha512-4vkyxjmk/zt8GQPfLos1X4BX0W/VudBlVwLU9L4OmuloDhNCdVCEAc2o36Hgw3Q338VrM46xWQ+fB/cPIJEfgg==",
      "cpu": [
        "ia32"
      ],
      "optional": true,
      "os": [
        "win32"
      ],
      "peer": true,
      "engines": {
        "node": ">=10"
      }
    },
    "node_modules/@swc/core-win32-x64-msvc": {
      "version": "1.2.88",
      "resolved": "https://registry.npmjs.org/@swc/core-win32-x64-msvc/-/core-win32-x64-msvc-1.2.88.tgz",
      "integrity": "sha512-8+LhfWO4ytIc2voKbAhd3j6hypdpWDM0xODzrXPceZ3MI91NUyBTSk7o2R+PpOgpyXNmmz9ATQ7EM0BgZGeAAw==",
      "cpu": [
        "x64"
      ],
      "optional": true,
      "os": [
        "win32"
      ],
      "peer": true,
      "engines": {
        "node": ">=10"
      }
    },
    "node_modules/@tsconfig/node10": {
      "version": "1.0.8",
      "resolved": "https://registry.npmjs.org/@tsconfig/node10/-/node10-1.0.8.tgz",
      "integrity": "sha512-6XFfSQmMgq0CFLY1MslA/CPUfhIL919M1rMsa5lP2P097N2Wd1sSX0tx1u4olM16fLNhtHZpRhedZJphNJqmZg=="
    },
    "node_modules/@tsconfig/node12": {
      "version": "1.0.9",
      "resolved": "https://registry.npmjs.org/@tsconfig/node12/-/node12-1.0.9.tgz",
      "integrity": "sha512-/yBMcem+fbvhSREH+s14YJi18sp7J9jpuhYByADT2rypfajMZZN4WQ6zBGgBKp53NKmqI36wFYDb3yaMPurITw=="
    },
    "node_modules/@tsconfig/node14": {
      "version": "1.0.1",
      "resolved": "https://registry.npmjs.org/@tsconfig/node14/-/node14-1.0.1.tgz",
      "integrity": "sha512-509r2+yARFfHHE7T6Puu2jjkoycftovhXRqW328PDXTVGKihlb1P8Z9mMZH04ebyajfRY7dedfGynlrFHJUQCg=="
    },
    "node_modules/@tsconfig/node16": {
      "version": "1.0.2",
      "resolved": "https://registry.npmjs.org/@tsconfig/node16/-/node16-1.0.2.tgz",
      "integrity": "sha512-eZxlbI8GZscaGS7kkc/trHTT5xgrjH3/1n2JDwusC9iahPKWMRvRjJSAN5mCXviuTGQ/lHnhvv8Q1YTpnfz9gA=="
    },
    "node_modules/@types/node": {
      "version": "16.9.1",
      "resolved": "https://registry.npmjs.org/@types/node/-/node-16.9.1.tgz",
      "integrity": "sha512-QpLcX9ZSsq3YYUUnD3nFDY8H7wctAhQj/TFKL8Ya8v5fMm3CFXxo8zStsLAl780ltoYoo1WvKUVGBQK+1ifr7g==",
      "peer": true
    },
    "node_modules/acorn": {
      "version": "8.5.0",
      "resolved": "https://registry.npmjs.org/acorn/-/acorn-8.5.0.tgz",
      "integrity": "sha512-yXbYeFy+jUuYd3/CDcg2NkIYE991XYX/bje7LmjJigUciaeO1JR4XxXgCIV1/Zc/dRuFEyw1L0pbA+qynJkW5Q==",
      "bin": {
        "acorn": "bin/acorn"
      },
      "engines": {
        "node": ">=0.4.0"
      }
    },
    "node_modules/acorn-walk": {
      "version": "8.2.0",
      "resolved": "https://registry.npmjs.org/acorn-walk/-/acorn-walk-8.2.0.tgz",
      "integrity": "sha512-k+iyHEuPgSw6SbuDpGQM+06HQUa04DZ3o+F6CSzXMvvI5KMvnaEqXe+YVe555R9nn6GPt404fos4wcgpw12SDA==",
      "engines": {
        "node": ">=0.4.0"
      }
    },
    "node_modules/arg": {
      "version": "4.1.3",
      "resolved": "https://registry.npmjs.org/arg/-/arg-4.1.3.tgz",
      "integrity": "sha512-58S9QDqG0Xx27YwPSt9fJxivjYl432YCwfDMfZ+71RAqUrZef7LrKQZ3LHLOwCS4FLNBplP533Zx895SeOCHvA=="
    },
    "node_modules/create-require": {
      "version": "1.1.1",
      "resolved": "https://registry.npmjs.org/create-require/-/create-require-1.1.1.tgz",
      "integrity": "sha512-dcKFX3jn0MpIaXjisoRvexIJVEKzaq7z2rZKxf+MSr9TkdmHmsU4m2lcLojrj/FHl8mk5VxMmYA+ftRkP/3oKQ=="
    },
    "node_modules/diff": {
      "version": "4.0.2",
      "resolved": "https://registry.npmjs.org/diff/-/diff-4.0.2.tgz",
      "integrity": "sha512-58lmxKSA4BNyLz+HHMUzlOEpg09FV+ev6ZMe3vJihgdxzgcwZ8VoEEPmALCZG9LmqfVoNMMKpttIYTVG6uDY7A==",
      "engines": {
        "node": ">=0.3.1"
      }
    },
    "node_modules/esbuild": {
      "version": "0.12.28",
      "resolved": "https://registry.npmjs.org/esbuild/-/esbuild-0.12.28.tgz",
      "integrity": "sha512-pZ0FrWZXlvQOATlp14lRSk1N9GkeJ3vLIwOcUoo3ICQn9WNR4rWoNi81pbn6sC1iYUy7QPqNzI3+AEzokwyVcA==",
      "dev": true,
      "hasInstallScript": true,
      "bin": {
        "esbuild": "bin/esbuild"
      }
    },
    "node_modules/esbuild-register": {
      "version": "3.0.0",
      "resolved": "https://registry.npmjs.org/esbuild-register/-/esbuild-register-3.0.0.tgz",
      "integrity": "sha512-No7U3ZUd6gPrrC6gqdb3XFcf2lNqzn8nvQXcgcyOl8szMVuN6YUvOplnmakxWyogI9d8SiJMl0uzBzJck+Aoxw==",
      "dev": true,
      "dependencies": {
        "jsonc-parser": "^3.0.0"
      },
      "peerDependencies": {
        "esbuild": ">=0.12 <1"
      }
    },
    "node_modules/jsonc-parser": {
      "version": "3.0.0",
      "resolved": "https://registry.npmjs.org/jsonc-parser/-/jsonc-parser-3.0.0.tgz",
      "integrity": "sha512-fQzRfAbIBnR0IQvftw9FJveWiHp72Fg20giDrHz6TdfB12UH/uue0D3hm57UB5KgAVuniLMCaS8P1IMj9NR7cA==",
      "dev": true
    },
    "node_modules/make-error": {
      "version": "1.3.6",
      "resolved": "https://registry.npmjs.org/make-error/-/make-error-1.3.6.tgz",
      "integrity": "sha512-s8UhlNe7vPKomQhC1qFelMokr/Sc3AgNbso3n74mVPA5LTZwkB9NlXf4XPamLxJE8h0gh73rM94xvwRT2CVInw=="
    },
    "node_modules/ts-node": {
      "version": "10.2.1",
      "resolved": "https://registry.npmjs.org/ts-node/-/ts-node-10.2.1.tgz",
      "integrity": "sha512-hCnyOyuGmD5wHleOQX6NIjJtYVIO8bPP8F2acWkB4W06wdlkgyvJtubO/I9NkI88hCFECbsEgoLc0VNkYmcSfw==",
      "dependencies": {
        "@cspotcode/source-map-support": "0.6.1",
        "@tsconfig/node10": "^1.0.7",
        "@tsconfig/node12": "^1.0.7",
        "@tsconfig/node14": "^1.0.0",
        "@tsconfig/node16": "^1.0.2",
        "acorn": "^8.4.1",
        "acorn-walk": "^8.1.1",
        "arg": "^4.1.0",
        "create-require": "^1.1.0",
        "diff": "^4.0.1",
        "make-error": "^1.1.1",
        "yn": "3.1.1"
      },
      "bin": {
        "ts-node": "dist/bin.js",
        "ts-node-cwd": "dist/bin-cwd.js",
        "ts-node-script": "dist/bin-script.js",
        "ts-node-transpile-only": "dist/bin-transpile.js",
        "ts-script": "dist/bin-script-deprecated.js"
      },
      "engines": {
        "node": ">=12.0.0"
      },
      "peerDependencies": {
        "@swc/core": ">=1.2.50",
        "@swc/wasm": ">=1.2.50",
        "@types/node": "*",
        "typescript": ">=2.7"
      },
      "peerDependenciesMeta": {
        "@swc/core": {
          "optional": true
        },
        "@swc/wasm": {
          "optional": true
        }
      }
    },
    "node_modules/typescript": {
      "version": "4.4.3",
      "resolved": "https://registry.npmjs.org/typescript/-/typescript-4.4.3.tgz",
      "integrity": "sha512-4xfscpisVgqqDfPaJo5vkd+Qd/ItkoagnHpufr+i2QCHBsNYp+G7UAoyFl8aPtx879u38wPV65rZ8qbGZijalA==",
      "bin": {
        "tsc": "bin/tsc",
        "tsserver": "bin/tsserver"
      },
      "engines": {
        "node": ">=4.2.0"
      }
    },
    "node_modules/yn": {
      "version": "3.1.1",
      "resolved": "https://registry.npmjs.org/yn/-/yn-3.1.1.tgz",
      "integrity": "sha512-Ux4ygGWsu2c7isFWe8Yu1YluJmqVhxqK2cLXNQA5AcC3QfbGNpM7fu0Y8b/z16pXLnFxZYvWhd3fhBY9DLmC6Q==",
      "engines": {
        "node": ">=6"
      }
    }
  },
  "dependencies": {
    "@cspotcode/source-map-consumer": {
      "version": "0.8.0",
      "resolved": "https://registry.npmjs.org/@cspotcode/source-map-consumer/-/source-map-consumer-0.8.0.tgz",
      "integrity": "sha512-41qniHzTU8yAGbCp04ohlmSrZf8bkf/iJsl3V0dRGsQN/5GFfx+LbCSsCpp2gqrqjTVg/K6O8ycoV35JIwAzAg=="
    },
    "@cspotcode/source-map-support": {
      "version": "0.6.1",
      "resolved": "https://registry.npmjs.org/@cspotcode/source-map-support/-/source-map-support-0.6.1.tgz",
      "integrity": "sha512-DX3Z+T5dt1ockmPdobJS/FAsQPW4V4SrWEhD2iYQT2Cb2tQsiMnYxrcUH9By/Z3B+v0S5LMBkQtV/XOBbpLEOg==",
      "requires": {
        "@cspotcode/source-map-consumer": "0.8.0"
      }
    },
    "@napi-rs/triples": {
      "version": "1.0.3",
      "resolved": "https://registry.npmjs.org/@napi-rs/triples/-/triples-1.0.3.tgz",
      "integrity": "sha512-jDJTpta+P4p1NZTFVLHJ/TLFVYVcOqv6l8xwOeBKNPMgY/zDYH/YH7SJbvrr/h1RcS9GzbPcLKGzpuK9cV56UA==",
      "optional": true,
      "peer": true
    },
    "@node-rs/helper": {
      "version": "1.2.1",
      "resolved": "https://registry.npmjs.org/@node-rs/helper/-/helper-1.2.1.tgz",
      "integrity": "sha512-R5wEmm8nbuQU0YGGmYVjEc0OHtYsuXdpRG+Ut/3wZ9XAvQWyThN08bTh2cBJgoZxHQUPtvRfeQuxcAgLuiBISg==",
      "optional": true,
      "peer": true,
      "requires": {
        "@napi-rs/triples": "^1.0.3"
      }
    },
    "@swc/core": {
      "version": "1.2.88",
      "resolved": "https://registry.npmjs.org/@swc/core/-/core-1.2.88.tgz",
      "integrity": "sha512-CTnMGafEKEG8404Av9bKpffUVdKedYrmRPsQShJNg6wY7dPltbqsNcZUuC+8b1lQzY8axG4ypemxNAnOYtbwfg==",
      "optional": true,
      "peer": true,
      "requires": {
        "@node-rs/helper": "^1.0.0",
        "@swc/core-android-arm64": "^1.2.88",
        "@swc/core-darwin-arm64": "^1.2.88",
        "@swc/core-darwin-x64": "^1.2.88",
        "@swc/core-freebsd-x64": "^1.2.88",
        "@swc/core-linux-arm-gnueabihf": "^1.2.88",
        "@swc/core-linux-arm64-gnu": "^1.2.88",
        "@swc/core-linux-arm64-musl": "^1.2.88",
        "@swc/core-linux-x64-gnu": "^1.2.88",
        "@swc/core-linux-x64-musl": "^1.2.88",
        "@swc/core-win32-arm64-msvc": "^1.2.88",
        "@swc/core-win32-ia32-msvc": "^1.2.88",
        "@swc/core-win32-x64-msvc": "^1.2.88"
      }
    },
    "@swc/core-android-arm64": {
      "version": "1.2.88",
      "resolved": "https://registry.npmjs.org/@swc/core-android-arm64/-/core-android-arm64-1.2.88.tgz",
      "integrity": "sha512-XuQIPCRVMHgdVKkIUj5ZQps0VhgopreZgq6dYpTOIf5bHtxvaIMOWFQUkJs1+YacjCskFMUo7t876VCEqZFOhQ==",
      "optional": true,
      "peer": true
    },
    "@swc/core-darwin-arm64": {
      "version": "1.2.88",
      "resolved": "https://registry.npmjs.org/@swc/core-darwin-arm64/-/core-darwin-arm64-1.2.88.tgz",
      "integrity": "sha512-tzzNfGrMk7W6P3HuROHL4AJ4KzJMJJCb3/Ghi8l1ldzNCAfdTWRvbP1hv4aaOt5Lejzx40Gyt4tieHLRPUGNEQ==",
      "optional": true,
      "peer": true
    },
    "@swc/core-darwin-x64": {
      "version": "1.2.88",
      "resolved": "https://registry.npmjs.org/@swc/core-darwin-x64/-/core-darwin-x64-1.2.88.tgz",
      "integrity": "sha512-illK43lA2Y36NL1cZfutYz/Iu2cWoJt2hveu7uJpy9xdkyjHG4qP+blt8lrNMRlveekFsU46tN566RSEDJ3snw==",
      "optional": true,
      "peer": true
    },
    "@swc/core-freebsd-x64": {
      "version": "1.2.88",
      "resolved": "https://registry.npmjs.org/@swc/core-freebsd-x64/-/core-freebsd-x64-1.2.88.tgz",
      "integrity": "sha512-KQIX5PqhFMlf+qhvmRmQukGdhOY9QRBgt/GVmc4H9NUX78mHDONdraKhNFXJ26bLIJXMFRlnOqE4GQCDgbAAyg==",
      "optional": true,
      "peer": true
    },
    "@swc/core-linux-arm-gnueabihf": {
      "version": "1.2.88",
      "resolved": "https://registry.npmjs.org/@swc/core-linux-arm-gnueabihf/-/core-linux-arm-gnueabihf-1.2.88.tgz",
      "integrity": "sha512-z+bRlZ2VW5ap8tri0vpC8cBtROmvOujOfWVuFhkdx6/+XoyPKEsZJBdW3Z1CSB1eXz4kvtGBGBgOTCNj8i7T1Q==",
      "optional": true,
      "peer": true
    },
    "@swc/core-linux-arm64-gnu": {
      "version": "1.2.88",
      "resolved": "https://registry.npmjs.org/@swc/core-linux-arm64-gnu/-/core-linux-arm64-gnu-1.2.88.tgz",
      "integrity": "sha512-PxL3zZYE1ktGfwqHqt139oFpg5AzIaExPT1X7UC85+RLiMUuRsfKUNTJgzMkZDfPhV/Crjx5BiBrUfOp9KLzdQ==",
      "optional": true,
      "peer": true
    },
    "@swc/core-linux-arm64-musl": {
      "version": "1.2.88",
      "resolved": "https://registry.npmjs.org/@swc/core-linux-arm64-musl/-/core-linux-arm64-musl-1.2.88.tgz",
      "integrity": "sha512-/M9Sb+ETGS4HUZYagQ0gr50yPrDPSaZKdCRlrVfD/GWvpJNvzu/8ILOiR/e2saSQE1vTPFbu+sYjUBaYavtucQ==",
      "optional": true,
      "peer": true
    },
    "@swc/core-linux-x64-gnu": {
      "version": "1.2.88",
      "resolved": "https://registry.npmjs.org/@swc/core-linux-x64-gnu/-/core-linux-x64-gnu-1.2.88.tgz",
      "integrity": "sha512-dKCfYQjI+9L62DCXycJS/hBRd6Ta5KOauK7rNk1Md09QoK1ozAtK0t5WSS6qJV6Qz+McGx0DT363VRRsUxItNw==",
      "optional": true,
      "peer": true
    },
    "@swc/core-linux-x64-musl": {
      "version": "1.2.88",
      "resolved": "https://registry.npmjs.org/@swc/core-linux-x64-musl/-/core-linux-x64-musl-1.2.88.tgz",
      "integrity": "sha512-IgIdLA5xBaAx6VnaxEHtHzumeuVtPTOIneDX7vqLMVf87VF5QzqXNj/PXbRtnutE2Yw0lDoslkz/ABmKWtyiEA==",
      "optional": true,
      "peer": true
    },
    "@swc/core-win32-arm64-msvc": {
      "version": "1.2.88",
      "resolved": "https://registry.npmjs.org/@swc/core-win32-arm64-msvc/-/core-win32-arm64-msvc-1.2.88.tgz",
      "integrity": "sha512-cDaYQaSQvTacadfszmzs/ekfEaoLYlK1Pdgc03AUiJFRwPekMQ3i9jsDqPzwttML1FDlLPgkJJHy6FLKuc2omw==",
      "optional": true,
      "peer": true
    },
    "@swc/core-win32-ia32-msvc": {
      "version": "1.2.88",
      "resolved": "https://registry.npmjs.org/@swc/core-win32-ia32-msvc/-/core-win32-ia32-msvc-1.2.88.tgz",
      "integrity": "sha512-4vkyxjmk/zt8GQPfLos1X4BX0W/VudBlVwLU9L4OmuloDhNCdVCEAc2o36Hgw3Q338VrM46xWQ+fB/cPIJEfgg==",
      "optional": true,
      "peer": true
    },
    "@swc/core-win32-x64-msvc": {
      "version": "1.2.88",
      "resolved": "https://registry.npmjs.org/@swc/core-win32-x64-msvc/-/core-win32-x64-msvc-1.2.88.tgz",
      "integrity": "sha512-8+LhfWO4ytIc2voKbAhd3j6hypdpWDM0xODzrXPceZ3MI91NUyBTSk7o2R+PpOgpyXNmmz9ATQ7EM0BgZGeAAw==",
      "optional": true,
      "peer": true
    },
    "@tsconfig/node10": {
      "version": "1.0.8",
      "resolved": "https://registry.npmjs.org/@tsconfig/node10/-/node10-1.0.8.tgz",
      "integrity": "sha512-6XFfSQmMgq0CFLY1MslA/CPUfhIL919M1rMsa5lP2P097N2Wd1sSX0tx1u4olM16fLNhtHZpRhedZJphNJqmZg=="
    },
    "@tsconfig/node12": {
      "version": "1.0.9",
      "resolved": "https://registry.npmjs.org/@tsconfig/node12/-/node12-1.0.9.tgz",
      "integrity": "sha512-/yBMcem+fbvhSREH+s14YJi18sp7J9jpuhYByADT2rypfajMZZN4WQ6zBGgBKp53NKmqI36wFYDb3yaMPurITw=="
    },
    "@tsconfig/node14": {
      "version": "1.0.1",
      "resolved": "https://registry.npmjs.org/@tsconfig/node14/-/node14-1.0.1.tgz",
      "integrity": "sha512-509r2+yARFfHHE7T6Puu2jjkoycftovhXRqW328PDXTVGKihlb1P8Z9mMZH04ebyajfRY7dedfGynlrFHJUQCg=="
    },
    "@tsconfig/node16": {
      "version": "1.0.2",
      "resolved": "https://registry.npmjs.org/@tsconfig/node16/-/node16-1.0.2.tgz",
      "integrity": "sha512-eZxlbI8GZscaGS7kkc/trHTT5xgrjH3/1n2JDwusC9iahPKWMRvRjJSAN5mCXviuTGQ/lHnhvv8Q1YTpnfz9gA=="
    },
    "@types/node": {
      "version": "16.9.1",
      "resolved": "https://registry.npmjs.org/@types/node/-/node-16.9.1.tgz",
      "integrity": "sha512-QpLcX9ZSsq3YYUUnD3nFDY8H7wctAhQj/TFKL8Ya8v5fMm3CFXxo8zStsLAl780ltoYoo1WvKUVGBQK+1ifr7g==",
      "peer": true
    },
    "acorn": {
      "version": "8.5.0",
      "resolved": "https://registry.npmjs.org/acorn/-/acorn-8.5.0.tgz",
      "integrity": "sha512-yXbYeFy+jUuYd3/CDcg2NkIYE991XYX/bje7LmjJigUciaeO1JR4XxXgCIV1/Zc/dRuFEyw1L0pbA+qynJkW5Q=="
    },
    "acorn-walk": {
      "version": "8.2.0",
      "resolved": "https://registry.npmjs.org/acorn-walk/-/acorn-walk-8.2.0.tgz",
      "integrity": "sha512-k+iyHEuPgSw6SbuDpGQM+06HQUa04DZ3o+F6CSzXMvvI5KMvnaEqXe+YVe555R9nn6GPt404fos4wcgpw12SDA=="
    },
    "arg": {
      "version": "4.1.3",
      "resolved": "https://registry.npmjs.org/arg/-/arg-4.1.3.tgz",
      "integrity": "sha512-58S9QDqG0Xx27YwPSt9fJxivjYl432YCwfDMfZ+71RAqUrZef7LrKQZ3LHLOwCS4FLNBplP533Zx895SeOCHvA=="
    },
    "create-require": {
      "version": "1.1.1",
      "resolved": "https://registry.npmjs.org/create-require/-/create-require-1.1.1.tgz",
      "integrity": "sha512-dcKFX3jn0MpIaXjisoRvexIJVEKzaq7z2rZKxf+MSr9TkdmHmsU4m2lcLojrj/FHl8mk5VxMmYA+ftRkP/3oKQ=="
    },
    "diff": {
      "version": "4.0.2",
      "resolved": "https://registry.npmjs.org/diff/-/diff-4.0.2.tgz",
      "integrity": "sha512-58lmxKSA4BNyLz+HHMUzlOEpg09FV+ev6ZMe3vJihgdxzgcwZ8VoEEPmALCZG9LmqfVoNMMKpttIYTVG6uDY7A=="
    },
    "esbuild": {
      "version": "0.12.28",
      "resolved": "https://registry.npmjs.org/esbuild/-/esbuild-0.12.28.tgz",
      "integrity": "sha512-pZ0FrWZXlvQOATlp14lRSk1N9GkeJ3vLIwOcUoo3ICQn9WNR4rWoNi81pbn6sC1iYUy7QPqNzI3+AEzokwyVcA==",
      "dev": true
    },
    "esbuild-register": {
      "version": "3.0.0",
      "resolved": "https://registry.npmjs.org/esbuild-register/-/esbuild-register-3.0.0.tgz",
      "integrity": "sha512-No7U3ZUd6gPrrC6gqdb3XFcf2lNqzn8nvQXcgcyOl8szMVuN6YUvOplnmakxWyogI9d8SiJMl0uzBzJck+Aoxw==",
      "dev": true,
      "requires": {
        "jsonc-parser": "^3.0.0"
      }
    },
    "jsonc-parser": {
      "version": "3.0.0",
      "resolved": "https://registry.npmjs.org/jsonc-parser/-/jsonc-parser-3.0.0.tgz",
      "integrity": "sha512-fQzRfAbIBnR0IQvftw9FJveWiHp72Fg20giDrHz6TdfB12UH/uue0D3hm57UB5KgAVuniLMCaS8P1IMj9NR7cA==",
      "dev": true
    },
    "make-error": {
      "version": "1.3.6",
      "resolved": "https://registry.npmjs.org/make-error/-/make-error-1.3.6.tgz",
      "integrity": "sha512-s8UhlNe7vPKomQhC1qFelMokr/Sc3AgNbso3n74mVPA5LTZwkB9NlXf4XPamLxJE8h0gh73rM94xvwRT2CVInw=="
    },
    "ts-node": {
      "version": "10.2.1",
      "resolved": "https://registry.npmjs.org/ts-node/-/ts-node-10.2.1.tgz",
      "integrity": "sha512-hCnyOyuGmD5wHleOQX6NIjJtYVIO8bPP8F2acWkB4W06wdlkgyvJtubO/I9NkI88hCFECbsEgoLc0VNkYmcSfw==",
      "requires": {
        "@cspotcode/source-map-support": "0.6.1",
        "@tsconfig/node10": "^1.0.7",
        "@tsconfig/node12": "^1.0.7",
        "@tsconfig/node14": "^1.0.0",
        "@tsconfig/node16": "^1.0.2",
        "acorn": "^8.4.1",
        "acorn-walk": "^8.1.1",
        "arg": "^4.1.0",
        "create-require": "^1.1.0",
        "diff": "^4.0.1",
        "make-error": "^1.1.1",
        "yn": "3.1.1"
      }
    },
    "typescript": {
      "version": "4.4.3",
      "resolved": "https://registry.npmjs.org/typescript/-/typescript-4.4.3.tgz",
      "integrity": "sha512-4xfscpisVgqqDfPaJo5vkd+Qd/ItkoagnHpufr+i2QCHBsNYp+G7UAoyFl8aPtx879u38wPV65rZ8qbGZijalA=="
    },
    "yn": {
      "version": "3.1.1",
      "resolved": "https://registry.npmjs.org/yn/-/yn-3.1.1.tgz",
      "integrity": "sha512-Ux4ygGWsu2c7isFWe8Yu1YluJmqVhxqK2cLXNQA5AcC3QfbGNpM7fu0Y8b/z16pXLnFxZYvWhd3fhBY9DLmC6Q=="
    }
  }
}
